{
  "requires": true,
  "lockfileVersion": 1,
  "dependencies": {
    "@types/node": {
      "version": "8.10.55",
      "resolved": "https://registry.npmjs.org/@types/node/-/node-8.10.55.tgz",
      "integrity": "sha512-iZeh1EgupfmAAOASk580R1SL5lWF3CsBVgVH0395qyNF8fhO16xy1UwAav2PdGxIIsYRn7RzJgMGjdsvam6YYg=="
    }
  }
}
