
Microsoft Visual Studio Solution File, Format Version 12.00
# Visual Studio 15
VisualStudioVersion = 15.0.28307.106
MinimumVisualStudioVersion = 10.0.40219.1
Project("{9A19103F-16F7-4668-BE54-9A1E7A4F7556}") = "WebAgentPro", "WebAgentPro\WebAgentPro.csproj", "{DFBD635B-953E-49E6-AE5E-4A0A1B5BD694}"
EndProject
Global
	GlobalSection(SolutionConfigurationPlatforms) = preSolution
		Debug|Any CPU = Debug|Any CPU
		Release|Any CPU = Release|Any CPU
	EndGlobalSection
	GlobalSection(ProjectConfigurationPlatforms) = postSolution
		{DFBD635B-953E-49E6-AE5E-4A0A1B5BD694}.Debug|Any CPU.ActiveCfg = Debug|Any CPU
		{DFBD635B-953E-49E6-AE5E-4A0A1B5BD694}.Debug|Any CPU.Build.0 = Debug|Any CPU
		{DFBD635B-953E-49E6-AE5E-4A0A1B5BD694}.Release|Any CPU.ActiveCfg = Release|Any CPU
		{DFBD635B-953E-49E6-AE5E-4A0A1B5BD694}.Release|Any CPU.Build.0 = Release|Any CPU
	EndGlobalSection
	GlobalSection(SolutionProperties) = preSolution
		HideSolutionNode = FALSE
	EndGlobalSection
	GlobalSection(ExtensibilityGlobals) = postSolution
		SolutionGuid = {D6AC5409-B9D3-45BE-B0B1-ECC78EE79BB0}
	EndGlobalSection
EndGlobal
